
Microsoft Visual Studio Solution File, Format Version 12.00
# Visual Studio Version 17
VisualStudioVersion = 17.8.34330.188
MinimumVisualStudioVersion = 10.0.40219.1
Project("{9A19103F-16F7-4668-BE54-9A1E7A4F7556}") = "Deepflix", "Deepflix.csproj", "{97596040-2CCE-4E0C-B99B-AC69C7BBE868}"
EndProject
Global
	GlobalSection(SolutionConfigurationPlatforms) = preSolution
		Debug|Any CPU = Debug|Any CPU
		Release|Any CPU = Release|Any CPU
	EndGlobalSection
	GlobalSection(ProjectConfigurationPlatforms) = postSolution
		{97596040-2CCE-4E0C-B99B-AC69C7BBE868}.Debug|Any CPU.ActiveCfg = Debug|Any CPU
		{97596040-2CCE-4E0C-B99B-AC69C7BBE868}.Debug|Any CPU.Build.0 = Debug|Any CPU
		{97596040-2CCE-4E0C-B99B-AC69C7BBE868}.Release|Any CPU.ActiveCfg = Release|Any CPU
		{97596040-2CCE-4E0C-B99B-AC69C7BBE868}.Release|Any CPU.Build.0 = Release|Any CPU
	EndGlobalSection
	GlobalSection(SolutionProperties) = preSolution
		HideSolutionNode = FALSE
	EndGlobalSection
	GlobalSection(ExtensibilityGlobals) = postSolution
		SolutionGuid = {EBC319BB-5BFD-445A-94EE-8D59FB3AA966}
	EndGlobalSection
EndGlobal
